// !$*UTF8*$!
{
	archiveVersion = 1;
	classes = {
	};
	objectVersion = 51;
	objects = {

/* Begin PBXBuildFile section */
		03F7E45F388F1FACEE00B264 /* Pods_Journal_App.framework in Frameworks */ = {isa = PBXBuildFile; fileRef = 080CE70AD076615C925EEF65 /* Pods_Journal_App.framework */; };
		BA2F044A26F9A7BC00A06DA6 /* AppDelegate.swift in Sources */ = {isa = PBXBuildFile; fileRef = BA2F044926F9A7BC00A06DA6 /* AppDelegate.swift */; };
		BA2F044C26F9A7BC00A06DA6 /* SceneDelegate.swift in Sources */ = {isa = PBXBuildFile; fileRef = BA2F044B26F9A7BC00A06DA6 /* SceneDelegate.swift */; };
		BA2F044E26F9A7BC00A06DA6 /* ViewController.swift in Sources */ = {isa = PBXBuildFile; fileRef = BA2F044D26F9A7BC00A06DA6 /* ViewController.swift */; };
		BA2F045126F9A7BC00A06DA6 /* Main.storyboard in Resources */ = {isa = PBXBuildFile; fileRef = BA2F044F26F9A7BC00A06DA6 /* Main.storyboard */; };
		BA2F045326F9A7C000A06DA6 /* Assets.xcassets in Resources */ = {isa = PBXBuildFile; fileRef = BA2F045226F9A7C000A06DA6 /* Assets.xcassets */; };
		BA2F045626F9A7C000A06DA6 /* LaunchScreen.storyboard in Resources */ = {isa = PBXBuildFile; fileRef = BA2F045426F9A7C000A06DA6 /* LaunchScreen.storyboard */; };
		BA2F046226F9AE4C00A06DA6 /* Note.swift in Sources */ = {isa = PBXBuildFile; fileRef = BA2F046126F9AE4C00A06DA6 /* Note.swift */; };
		BA2F046826F9B2E800A06DA6 /* NotesManager.swift in Sources */ = {isa = PBXBuildFile; fileRef = BA2F046726F9B2E800A06DA6 /* NotesManager.swift */; };
		BA2F046A26F9B35B00A06DA6 /* NoteViewController.swift in Sources */ = {isa = PBXBuildFile; fileRef = BA2F046926F9B35B00A06DA6 /* NoteViewController.swift */; };
/* End PBXBuildFile section */

/* Begin PBXFileReference section */
		080CE70AD076615C925EEF65 /* Pods_Journal_App.framework */ = {isa = PBXFileReference; explicitFileType = wrapper.framework; includeInIndex = 0; path = Pods_Journal_App.framework; sourceTree = BUILT_PRODUCTS_DIR; };
		66962656C87C5CC4F95AA70E /* Pods-Journal App.debug.xcconfig */ = {isa = PBXFileReference; includeInIndex = 1; lastKnownFileType = text.xcconfig; name = "Pods-Journal App.debug.xcconfig"; path = "Target Support Files/Pods-Journal App/Pods-Journal App.debug.xcconfig"; sourceTree = "<group>"; };
		BA2F044626F9A7BC00A06DA6 /* Journal App.app */ = {isa = PBXFileReference; explicitFileType = wrapper.application; includeInIndex = 0; path = "Journal App.app"; sourceTree = BUILT_PRODUCTS_DIR; };
		BA2F044926F9A7BC00A06DA6 /* AppDelegate.swift */ = {isa = PBXFileReference; lastKnownFileType = sourcecode.swift; path = AppDelegate.swift; sourceTree = "<group>"; };
		BA2F044B26F9A7BC00A06DA6 /* SceneDelegate.swift */ = {isa = PBXFileReference; lastKnownFileType = sourcecode.swift; path = SceneDelegate.swift; sourceTree = "<group>"; };
		BA2F044D26F9A7BC00A06DA6 /* ViewController.swift */ = {isa = PBXFileReference; lastKnownFileType = sourcecode.swift; path = ViewController.swift; sourceTree = "<group>"; };
		BA2F045026F9A7BC00A06DA6 /* Base */ = {isa = PBXFileReference; lastKnownFileType = file.storyboard; name = Base; path = Base.lproj/Main.storyboard; sourceTree = "<group>"; };
		BA2F045226F9A7C000A06DA6 /* Assets.xcassets */ = {isa = PBXFileReference; lastKnownFileType = folder.assetcatalog; path = Assets.xcassets; sourceTree = "<group>"; };
		BA2F045526F9A7C000A06DA6 /* Base */ = {isa = PBXFileReference; lastKnownFileType = file.storyboard; name = Base; path = Base.lproj/LaunchScreen.storyboard; sourceTree = "<group>"; };
		BA2F045726F9A7C000A06DA6 /* Info.plist */ = {isa = PBXFileReference; lastKnownFileType = text.plist.xml; path = Info.plist; sourceTree = "<group>"; };
		BA2F046126F9AE4C00A06DA6 /* Note.swift */ = {isa = PBXFileReference; lastKnownFileType = sourcecode.swift; path = Note.swift; sourceTree = "<group>"; };
		BA2F046726F9B2E800A06DA6 /* NotesManager.swift */ = {isa = PBXFileReference; lastKnownFileType = sourcecode.swift; path = NotesManager.swift; sourceTree = "<group>"; };
		BA2F046926F9B35B00A06DA6 /* NoteViewController.swift */ = {isa = PBXFileReference; lastKnownFileType = sourcecode.swift; path = NoteViewController.swift; sourceTree = "<group>"; };
		FCB26F844694DC0A41C6436A /* Pods-Journal App.release.xcconfig */ = {isa = PBXFileReference; includeInIndex = 1; lastKnownFileType = text.xcconfig; name = "Pods-Journal App.release.xcconfig"; path = "Target Support Files/Pods-Journal App/Pods-Journal App.release.xcconfig"; sourceTree = "<group>"; };
/* End PBXFileReference section */

/* Begin PBXFrameworksBuildPhase section */
		BA2F044326F9A7BC00A06DA6 /* Frameworks */ = {
			isa = PBXFrameworksBuildPhase;
			buildActionMask = 2147483647;
			files = (
				03F7E45F388F1FACEE00B264 /* Pods_Journal_App.framework in Frameworks */,
			);
			runOnlyForDeploymentPostprocessing = 0;
		};
/* End PBXFrameworksBuildPhase section */

/* Begin PBXGroup section */
		6E00BBBDB769E662F3551560 /* Pods */ = {
			isa = PBXGroup;
			children = (
				66962656C87C5CC4F95AA70E /* Pods-Journal App.debug.xcconfig */,
				FCB26F844694DC0A41C6436A /* Pods-Journal App.release.xcconfig */,
			);
			path = Pods;
			sourceTree = "<group>";
		};
		9057AADF34E2C6150CEA4A4C /* Frameworks */ = {
			isa = PBXGroup;
			children = (
				080CE70AD076615C925EEF65 /* Pods_Journal_App.framework */,
			);
			name = Frameworks;
			sourceTree = "<group>";
		};
		BA2F043D26F9A7BC00A06DA6 = {
			isa = PBXGroup;
			children = (
				BA2F044826F9A7BC00A06DA6 /* Journal App */,
				BA2F044726F9A7BC00A06DA6 /* Products */,
				6E00BBBDB769E662F3551560 /* Pods */,
				9057AADF34E2C6150CEA4A4C /* Frameworks */,
			);
			sourceTree = "<group>";
		};
		BA2F044726F9A7BC00A06DA6 /* Products */ = {
			isa = PBXGroup;
			children = (
				BA2F044626F9A7BC00A06DA6 /* Journal App.app */,
			);
			name = Products;
			sourceTree = "<group>";
		};
		BA2F044826F9A7BC00A06DA6 /* Journal App */ = {
			isa = PBXGroup;
			children = (
				BA2F046326F9AE6000A06DA6 /* Model */,
				BA2F046626F9B2C200A06DA6 /* NotesManager */,
				BA2F046426F9AE6B00A06DA6 /* Controllers */,
				BA2F046526F9AE7A00A06DA6 /* Storyboards */,
				BA2F044926F9A7BC00A06DA6 /* AppDelegate.swift */,
				BA2F044B26F9A7BC00A06DA6 /* SceneDelegate.swift */,
				BA2F045226F9A7C000A06DA6 /* Assets.xcassets */,
				BA2F045726F9A7C000A06DA6 /* Info.plist */,
			);
			path = "Journal App";
			sourceTree = "<group>";
		};
		BA2F046326F9AE6000A06DA6 /* Model */ = {
			isa = PBXGroup;
			children = (
				BA2F046126F9AE4C00A06DA6 /* Note.swift */,
			);
			path = Model;
			sourceTree = "<group>";
		};
		BA2F046426F9AE6B00A06DA6 /* Controllers */ = {
			isa = PBXGroup;
			children = (
				BA2F044D26F9A7BC00A06DA6 /* ViewController.swift */,
				BA2F046926F9B35B00A06DA6 /* NoteViewController.swift */,
			);
			path = Controllers;
			sourceTree = "<group>";
		};
		BA2F046526F9AE7A00A06DA6 /* Storyboards */ = {
			isa = PBXGroup;
			children = (
				BA2F044F26F9A7BC00A06DA6 /* Main.storyboard */,
				BA2F045426F9A7C000A06DA6 /* LaunchScreen.storyboard */,
			);
			path = Storyboards;
			sourceTree = "<group>";
		};
		BA2F046626F9B2C200A06DA6 /* NotesManager */ = {
			isa = PBXGroup;
			children = (
				BA2F046726F9B2E800A06DA6 /* NotesManager.swift */,
			);
			path = NotesManager;
			sourceTree = "<group>";
		};
/* End PBXGroup section */

/* Begin PBXNativeTarget section */
		BA2F044526F9A7BC00A06DA6 /* Journal App */ = {
			isa = PBXNativeTarget;
			buildConfigurationList = BA2F045A26F9A7C000A06DA6 /* Build configuration list for PBXNativeTarget "Journal App" */;
			buildPhases = (
				A06BB24AB1FECDEB41ACD587 /* [CP] Check Pods Manifest.lock */,
				BA2F044226F9A7BC00A06DA6 /* Sources */,
				BA2F044326F9A7BC00A06DA6 /* Frameworks */,
				BA2F044426F9A7BC00A06DA6 /* Resources */,
				F44AA4F99668319B2A611D5F /* [CP] Embed Pods Frameworks */,
			);
			buildRules = (
			);
			dependencies = (
			);
			name = "Journal App";
			productName = "Journal App";
			productReference = BA2F044626F9A7BC00A06DA6 /* Journal App.app */;
			productType = "com.apple.product-type.application";
		};
/* End PBXNativeTarget section */

/* Begin PBXProject section */
		BA2F043E26F9A7BC00A06DA6 /* Project object */ = {
			isa = PBXProject;
			attributes = {
				LastSwiftUpdateCheck = 1250;
				LastUpgradeCheck = 1250;
				TargetAttributes = {
					BA2F044526F9A7BC00A06DA6 = {
						CreatedOnToolsVersion = 12.5.1;
					};
				};
			};
			buildConfigurationList = BA2F044126F9A7BC00A06DA6 /* Build configuration list for PBXProject "Journal App" */;
			compatibilityVersion = "Xcode 9.3";
			developmentRegion = en;
			hasScannedForEncodings = 0;
			knownRegions = (
				en,
				Base,
			);
			mainGroup = BA2F043D26F9A7BC00A06DA6;
			productRefGroup = BA2F044726F9A7BC00A06DA6 /* Products */;
			projectDirPath = "";
			projectRoot = "";
			targets = (
				BA2F044526F9A7BC00A06DA6 /* Journal App */,
			);
		};
/* End PBXProject section */

/* Begin PBXResourcesBuildPhase section */
		BA2F044426F9A7BC00A06DA6 /* Resources */ = {
			isa = PBXResourcesBuildPhase;
			buildActionMask = 2147483647;
			files = (
				BA2F045626F9A7C000A06DA6 /* LaunchScreen.storyboard in Resources */,
				BA2F045326F9A7C000A06DA6 /* Assets.xcassets in Resources */,
				BA2F045126F9A7BC00A06DA6 /* Main.storyboard in Resources */,
			);
			runOnlyForDeploymentPostprocessing = 0;
		};
/* End PBXResourcesBuildPhase section */

/* Begin PBXShellScriptBuildPhase section */
		A06BB24AB1FECDEB41ACD587 /* [CP] Check Pods Manifest.lock */ = {
			isa = PBXShellScriptBuildPhase;
			buildActionMask = 2147483647;
			files = (
			);
			inputFileListPaths = (
			);
			inputPaths = (
				"${PODS_PODFILE_DIR_PATH}/Podfile.lock",
				"${PODS_ROOT}/Manifest.lock",
			);
			name = "[CP] Check Pods Manifest.lock";
			outputFileListPaths = (
			);
			outputPaths = (
				"$(DERIVED_FILE_DIR)/Pods-Journal App-checkManifestLockResult.txt",
			);
			runOnlyForDeploymentPostprocessing = 0;
			shellPath = /bin/sh;
			shellScript = "diff \"${PODS_PODFILE_DIR_PATH}/Podfile.lock\" \"${PODS_ROOT}/Manifest.lock\" > /dev/null\nif [ $? != 0 ] ; then\n    # print error to STDERR\n    echo \"error: The sandbox is not in sync with the Podfile.lock. Run 'pod install' or update your CocoaPods installation.\" >&2\n    exit 1\nfi\n# This output is used by Xcode 'outputs' to avoid re-running this script phase.\necho \"SUCCESS\" > \"${SCRIPT_OUTPUT_FILE_0}\"\n";
			showEnvVarsInLog = 0;
		};
		F44AA4F99668319B2A611D5F /* [CP] Embed Pods Frameworks */ = {
			isa = PBXShellScriptBuildPhase;
			buildActionMask = 2147483647;
			files = (
			);
			inputFileListPaths = (
				"${PODS_ROOT}/Target Support Files/Pods-Journal App/Pods-Journal App-frameworks-${CONFIGURATION}-input-files.xcfilelist",
			);
			name = "[CP] Embed Pods Frameworks";
			outputFileListPaths = (
				"${PODS_ROOT}/Target Support Files/Pods-Journal App/Pods-Journal App-frameworks-${CONFIGURATION}-output-files.xcfilelist",
			);
			runOnlyForDeploymentPostprocessing = 0;
			shellPath = /bin/sh;
			shellScript = "\"${PODS_ROOT}/Target Support Files/Pods-Journal App/Pods-Journal App-frameworks.sh\"\n";
			showEnvVarsInLog = 0;
		};
/* End PBXShellScriptBuildPhase section */

/* Begin PBXSourcesBuildPhase section */
		BA2F044226F9A7BC00A06DA6 /* Sources */ = {
			isa = PBXSourcesBuildPhase;
			buildActionMask = 2147483647;
			files = (
				BA2F044E26F9A7BC00A06DA6 /* ViewController.swift in Sources */,
				BA2F046826F9B2E800A06DA6 /* NotesManager.swift in Sources */,
				BA2F044A26F9A7BC00A06DA6 /* AppDelegate.swift in Sources */,
				BA2F044C26F9A7BC00A06DA6 /* SceneDelegate.swift in Sources */,
				BA2F046A26F9B35B00A06DA6 /* NoteViewController.swift in Sources */,
				BA2F046226F9AE4C00A06DA6 /* Note.swift in Sources */,
			);
			runOnlyForDeploymentPostprocessing = 0;
		};
/* End PBXSourcesBuildPhase section */

/* Begin PBXVariantGroup section */
		BA2F044F26F9A7BC00A06DA6 /* Main.storyboard */ = {
			isa = PBXVariantGroup;
			children = (
				BA2F045026F9A7BC00A06DA6 /* Base */,
			);
			name = Main.storyboard;
			sourceTree = "<group>";
		};
		BA2F045426F9A7C000A06DA6 /* LaunchScreen.storyboard */ = {
			isa = PBXVariantGroup;
			children = (
				BA2F045526F9A7C000A06DA6 /* Base */,
			);
			name = LaunchScreen.storyboard;
			sourceTree = "<group>";
		};
/* End PBXVariantGroup section */

/* Begin XCBuildConfiguration section */
		BA2F045826F9A7C000A06DA6 /* Debug */ = {
			isa = XCBuildConfiguration;
			buildSettings = {
				ALWAYS_SEARCH_USER_PATHS = NO;
				CLANG_ANALYZER_NONNULL = YES;
				CLANG_ANALYZER_NUMBER_OBJECT_CONVERSION = YES_AGGRESSIVE;
				CLANG_CXX_LANGUAGE_STANDARD = "gnu++14";
				CLANG_CXX_LIBRARY = "libc++";
				CLANG_ENABLE_MODULES = YES;
				CLANG_ENABLE_OBJC_ARC = YES;
				CLANG_ENABLE_OBJC_WEAK = YES;
				CLANG_WARN_BLOCK_CAPTURE_AUTORELEASING = YES;
				CLANG_WARN_BOOL_CONVERSION = YES;
				CLANG_WARN_COMMA = YES;
				CLANG_WARN_CONSTANT_CONVERSION = YES;
				CLANG_WARN_DEPRECATED_OBJC_IMPLEMENTATIONS = YES;
				CLANG_WARN_DIRECT_OBJC_ISA_USAGE = YES_ERROR;
				CLANG_WARN_DOCUMENTATION_COMMENTS = YES;
				CLANG_WARN_EMPTY_BODY = YES;
				CLANG_WARN_ENUM_CONVERSION = YES;
				CLANG_WARN_INFINITE_RECURSION = YES;
				CLANG_WARN_INT_CONVERSION = YES;
				CLANG_WARN_NON_LITERAL_NULL_CONVERSION = YES;
				CLANG_WARN_OBJC_IMPLICIT_RETAIN_SELF = YES;
				CLANG_WARN_OBJC_LITERAL_CONVERSION = YES;
				CLANG_WARN_OBJC_ROOT_CLASS = YES_ERROR;
				CLANG_WARN_QUOTED_INCLUDE_IN_FRAMEWORK_HEADER = YES;
				CLANG_WARN_RANGE_LOOP_ANALYSIS = YES;
				CLANG_WARN_STRICT_PROTOTYPES = YES;
				CLANG_WARN_SUSPICIOUS_MOVE = YES;
				CLANG_WARN_UNGUARDED_AVAILABILITY = YES_AGGRESSIVE;
				CLANG_WARN_UNREACHABLE_CODE = YES;
				CLANG_WARN__DUPLICATE_METHOD_MATCH = YES;
				COPY_PHASE_STRIP = NO;
				DEBUG_INFORMATION_FORMAT = dwarf;
				ENABLE_STRICT_OBJC_MSGSEND = YES;
				ENABLE_TESTABILITY = YES;
				GCC_C_LANGUAGE_STANDARD = gnu11;
				GCC_DYNAMIC_NO_PIC = NO;
				GCC_NO_COMMON_BLOCKS = YES;
				GCC_OPTIMIZATION_LEVEL = 0;
				GCC_PREPROCESSOR_DEFINITIONS = (
					"DEBUG=1",
					"$(inherited)",
				);
				GCC_WARN_64_TO_32_BIT_CONVERSION = YES;
				GCC_WARN_ABOUT_RETURN_TYPE = YES_ERROR;
				GCC_WARN_UNDECLARED_SELECTOR = YES;
				GCC_WARN_UNINITIALIZED_AUTOS = YES_AGGRESSIVE;
				GCC_WARN_UNUSED_FUNCTION = YES;
				GCC_WARN_UNUSED_VARIABLE = YES;
				IPHONEOS_DEPLOYMENT_TARGET = 14.5;
				MTL_ENABLE_DEBUG_INFO = INCLUDE_SOURCE;
				MTL_FAST_MATH = YES;
				ONLY_ACTIVE_ARCH = YES;
				SDKROOT = iphoneos;
				SWIFT_ACTIVE_COMPILATION_CONDITIONS = DEBUG;
				SWIFT_OPTIMIZATION_LEVEL = "-Onone";
			};
			name = Debug;
		};
		BA2F045926F9A7C000A06DA6 /* Release */ = {
			isa = XCBuildConfiguration;
			buildSettings = {
				ALWAYS_SEARCH_USER_PATHS = NO;
				CLANG_ANALYZER_NONNULL = YES;
				CLANG_ANALYZER_NUMBER_OBJECT_CONVERSION = YES_AGGRESSIVE;
				CLANG_CXX_LANGUAGE_STANDARD = "gnu++14";
				CLANG_CXX_LIBRARY = "libc++";
				CLANG_ENABLE_MODULES = YES;
				CLANG_ENABLE_OBJC_ARC = YES;
				CLANG_ENABLE_OBJC_WEAK = YES;
				CLANG_WARN_BLOCK_CAPTURE_AUTORELEASING = YES;
				CLANG_WARN_BOOL_CONVERSION = YES;
				CLANG_WARN_COMMA = YES;
				CLANG_WARN_CONSTANT_CONVERSION = YES;
				CLANG_WARN_DEPRECATED_OBJC_IMPLEMENTATIONS = YES;
				CLANG_WARN_DIRECT_OBJC_ISA_USAGE = YES_ERROR;
				CLANG_WARN_DOCUMENTATION_COMMENTS = YES;
				CLANG_WARN_EMPTY_BODY = YES;
				CLANG_WARN_ENUM_CONVERSION = YES;
				CLANG_WARN_INFINITE_RECURSION = YES;
				CLANG_WARN_INT_CONVERSION = YES;
				CLANG_WARN_NON_LITERAL_NULL_CONVERSION = YES;
				CLANG_WARN_OBJC_IMPLICIT_RETAIN_SELF = YES;
				CLANG_WARN_OBJC_LITERAL_CONVERSION = YES;
				CLANG_WARN_OBJC_ROOT_CLASS = YES_ERROR;
				CLANG_WARN_QUOTED_INCLUDE_IN_FRAMEWORK_HEADER = YES;
				CLANG_WARN_RANGE_LOOP_ANALYSIS = YES;
				CLANG_WARN_STRICT_PROTOTYPES = YES;
				CLANG_WARN_SUSPICIOUS_MOVE = YES;
				CLANG_WARN_UNGUARDED_AVAILABILITY = YES_AGGRESSIVE;
				CLANG_WARN_UNREACHABLE_CODE = YES;
				CLANG_WARN__DUPLICATE_METHOD_MATCH = YES;
				COPY_PHASE_STRIP = NO;
				DEBUG_INFORMATION_FORMAT = "dwarf-with-dsym";
				ENABLE_NS_ASSERTIONS = NO;
				ENABLE_STRICT_OBJC_MSGSEND = YES;
				GCC_C_LANGUAGE_STANDARD = gnu11;
				GCC_NO_COMMON_BLOCKS = YES;
				GCC_WARN_64_TO_32_BIT_CONVERSION = YES;
				GCC_WARN_ABOUT_RETURN_TYPE = YES_ERROR;
				GCC_WARN_UNDECLARED_SELECTOR = YES;
				GCC_WARN_UNINITIALIZED_AUTOS = YES_AGGRESSIVE;
				GCC_WARN_UNUSED_FUNCTION = YES;
				GCC_WARN_UNUSED_VARIABLE = YES;
				IPHONEOS_DEPLOYMENT_TARGET = 14.5;
				MTL_ENABLE_DEBUG_INFO = NO;
				MTL_FAST_MATH = YES;
				SDKROOT = iphoneos;
				SWIFT_COMPILATION_MODE = wholemodule;
				SWIFT_OPTIMIZATION_LEVEL = "-O";
				VALIDATE_PRODUCT = YES;
			};
			name = Release;
		};
		BA2F045B26F9A7C000A06DA6 /* Debug */ = {
			isa = XCBuildConfiguration;
			baseConfigurationReference = 66962656C87C5CC4F95AA70E /* Pods-Journal App.debug.xcconfig */;
			buildSettings = {
				ASSETCATALOG_COMPILER_APPICON_NAME = AppIcon;
				ASSETCATALOG_COMPILER_GLOBAL_ACCENT_COLOR_NAME = AccentColor;
				CODE_SIGN_STYLE = Automatic;
				INFOPLIST_FILE = "Journal App/Info.plist";
				LD_RUNPATH_SEARCH_PATHS = (
					"$(inherited)",
					"@executable_path/Frameworks",
				);
				PRODUCT_BUNDLE_IDENTIFIER = "com.ewen.Journal-App";
				PRODUCT_NAME = "$(TARGET_NAME)";
				SWIFT_VERSION = 5.0;
				TARGETED_DEVICE_FAMILY = "1,2";
			};
			name = Debug;
		};
		BA2F045C26F9A7C000A06DA6 /* Release */ = {
			isa = XCBuildConfiguration;
			baseConfigurationReference = FCB26F844694DC0A41C6436A /* Pods-Journal App.release.xcconfig */;
			buildSettings = {
				ASSETCATALOG_COMPILER_APPICON_NAME = AppIcon;
				ASSETCATALOG_COMPILER_GLOBAL_ACCENT_COLOR_NAME = AccentColor;
				CODE_SIGN_STYLE = Automatic;
				INFOPLIST_FILE = "Journal App/Info.plist";
				LD_RUNPATH_SEARCH_PATHS = (
					"$(inherited)",
					"@executable_path/Frameworks",
				);
				PRODUCT_BUNDLE_IDENTIFIER = "com.ewen.Journal-App";
				PRODUCT_NAME = "$(TARGET_NAME)";
				SWIFT_VERSION = 5.0;
				TARGETED_DEVICE_FAMILY = "1,2";
			};
			name = Release;
		};
/* End XCBuildConfiguration section */

/* Begin XCConfigurationList section */
		BA2F044126F9A7BC00A06DA6 /* Build configuration list for PBXProject "Journal App" */ = {
			isa = XCConfigurationList;
			buildConfigurations = (
				BA2F045826F9A7C000A06DA6 /* Debug */,
				BA2F045926F9A7C000A06DA6 /* Release */,
			);
			defaultConfigurationIsVisible = 0;
			defaultConfigurationName = Release;
		};
		BA2F045A26F9A7C000A06DA6 /* Build configuration list for PBXNativeTarget "Journal App" */ = {
			isa = XCConfigurationList;
			buildConfigurations = (
				BA2F045B26F9A7C000A06DA6 /* Debug */,
				BA2F045C26F9A7C000A06DA6 /* Release */,
			);
			defaultConfigurationIsVisible = 0;
			defaultConfigurationName = Release;
		};
/* End XCConfigurationList section */
	};
	rootObject = BA2F043E26F9A7BC00A06DA6 /* Project object */;
}
